
Microsoft Visual Studio Solution File, Format Version 12.00
# Visual Studio Version 17
VisualStudioVersion = 17.6.33712.159
MinimumVisualStudioVersion = 10.0.40219.1
Project("{FAE04EC0-301F-11D3-BF4B-00C04F79EFBC}") = "ConsoleApp1", "ConsoleApp1\ConsoleApp1.csproj", "{1C3C8549-170D-4A55-A8CE-9E1F0C83CD74}"
EndProject
Global
	GlobalSection(SolutionConfigurationPlatforms) = preSolution
		Debug|Any CPU = Debug|Any CPU
		Release|Any CPU = Release|Any CPU
	EndGlobalSection
	GlobalSection(ProjectConfigurationPlatforms) = postSolution
		{1C3C8549-170D-4A55-A8CE-9E1F0C83CD74}.Debug|Any CPU.ActiveCfg = Debug|Any CPU
		{1C3C8549-170D-4A55-A8CE-9E1F0C83CD74}.Debug|Any CPU.Build.0 = Debug|Any CPU
		{1C3C8549-170D-4A55-A8CE-9E1F0C83CD74}.Release|Any CPU.ActiveCfg = Release|Any CPU
		{1C3C8549-170D-4A55-A8CE-9E1F0C83CD74}.Release|Any CPU.Build.0 = Release|Any CPU
	EndGlobalSection
	GlobalSection(SolutionProperties) = preSolution
		HideSolutionNode = FALSE
	EndGlobalSection
	GlobalSection(ExtensibilityGlobals) = postSolution
		SolutionGuid = {97CC2A46-3C01-4410-9B90-3C7686AD3C18}
	EndGlobalSection
EndGlobal
